# This file was autogenerated by Stack.
# You should not edit this file by hand.
# For more information, please see the documentation at:
#   https://docs.haskellstack.org/en/stable/lock_files

packages:
- completed:
    hackage: elm-syntax-0.3.1.0@sha256:f03b80b94d7280bd2df423945879220465997e74b4f991bc6e09e9ed264aa3c2,2257
    pantry-tree:
      size: 788
      sha256: 1df4f5c618a0db7fb64d74aeea652ff10102955032101ba980a2127494133698
  original:
    hackage: elm-syntax-0.3.1.0
- completed:
    hackage: haskell-to-elm-0.3.2.0@sha256:02085cf6ac5c1c696c1dc923033b5f01509fcbed67c32cc79139704888821e60,4441
    pantry-tree:
      size: 650
      sha256: 118740f5a865608a00049a271f2a84af8ae1957f02c013967a2d363b1a80c800
  original:
    hackage: haskell-to-elm-0.3.2.0
snapshots:
- completed:
    size: 587113
    url: https://raw.githubusercontent.com/commercialhaskell/stackage-snapshots/master/lts/18/6.yaml
    sha256: f74c482d7c93739ecf3abfbc0f2dea1c20a2dfb2462c689846ed55a9653b66f7
  original: lts-18.6
